
Microsoft Visual Studio Solution File, Format Version 12.00
# Visual Studio Version 17
VisualStudioVersion = 17.2.32516.85
MinimumVisualStudioVersion = 10.0.40219.1
Project("{9A19103F-16F7-4668-BE54-9A1E7A4F7556}") = "DevIO.Business", "src\DevIO.Business\DevIO.Business.csproj", "{4EF45ABB-237E-4956-8C88-CA9C7DBB2BE5}"
EndProject
Project("{9A19103F-16F7-4668-BE54-9A1E7A4F7556}") = "DevIO.Data", "src\DevIO.Data\DevIO.Data.csproj", "{AE5E6228-206C-4849-B3E5-1095884E55E2}"
EndProject
Project("{FAE04EC0-301F-11D3-BF4B-00C04F79EFBC}") = "DevIO.Api", "src\DevIO.Api\DevIO.Api.csproj", "{88C53F67-1A55-4638-A965-45275E56CB98}"
EndProject
Global
	GlobalSection(SolutionConfigurationPlatforms) = preSolution
		Debug|Any CPU = Debug|Any CPU
		Release|Any CPU = Release|Any CPU
	EndGlobalSection
	GlobalSection(ProjectConfigurationPlatforms) = postSolution
		{4EF45ABB-237E-4956-8C88-CA9C7DBB2BE5}.Debug|Any CPU.ActiveCfg = Debug|Any CPU
		{4EF45ABB-237E-4956-8C88-CA9C7DBB2BE5}.Debug|Any CPU.Build.0 = Debug|Any CPU
		{4EF45ABB-237E-4956-8C88-CA9C7DBB2BE5}.Release|Any CPU.ActiveCfg = Release|Any CPU
		{4EF45ABB-237E-4956-8C88-CA9C7DBB2BE5}.Release|Any CPU.Build.0 = Release|Any CPU
		{AE5E6228-206C-4849-B3E5-1095884E55E2}.Debug|Any CPU.ActiveCfg = Debug|Any CPU
		{AE5E6228-206C-4849-B3E5-1095884E55E2}.Debug|Any CPU.Build.0 = Debug|Any CPU
		{AE5E6228-206C-4849-B3E5-1095884E55E2}.Release|Any CPU.ActiveCfg = Release|Any CPU
		{AE5E6228-206C-4849-B3E5-1095884E55E2}.Release|Any CPU.Build.0 = Release|Any CPU
		{88C53F67-1A55-4638-A965-45275E56CB98}.Debug|Any CPU.ActiveCfg = Debug|Any CPU
		{88C53F67-1A55-4638-A965-45275E56CB98}.Debug|Any CPU.Build.0 = Debug|Any CPU
		{88C53F67-1A55-4638-A965-45275E56CB98}.Release|Any CPU.ActiveCfg = Release|Any CPU
		{88C53F67-1A55-4638-A965-45275E56CB98}.Release|Any CPU.Build.0 = Release|Any CPU
	EndGlobalSection
	GlobalSection(SolutionProperties) = preSolution
		HideSolutionNode = FALSE
	EndGlobalSection
	GlobalSection(ExtensibilityGlobals) = postSolution
		SolutionGuid = {EB8E2EC8-A7B3-473A-BC70-0FC06E7E4300}
	EndGlobalSection
EndGlobal
